// !$*UTF8*$!
{
	archiveVersion = 1;
	classes = {
	};
	objectVersion = 46;
	objects = {

/* Begin PBXBuildFile section */
		49103D551851A63F00070801 /* RestaurantCell.m in Sources */ = {isa = PBXBuildFile; fileRef = 49103D541851A63F00070801 /* RestaurantCell.m */; };
		49103D571851A65500070801 /* RestaurantCell.xib in Resources */ = {isa = PBXBuildFile; fileRef = 49103D561851A65500070801 /* RestaurantCell.xib */; };
		491FD3101852DCD300885396 /* UIImage+UIImage_Customized.m in Sources */ = {isa = PBXBuildFile; fileRef = 491FD30F1852DCD300885396 /* UIImage+UIImage_Customized.m */; };
		493A770B1A9398E600C60719 /* BotIconMain.png in Resources */ = {isa = PBXBuildFile; fileRef = 493A76E41A9398E600C60719 /* BotIconMain.png */; };
		493A770C1A9398E600C60719 /* BotIconMain@2x.png in Resources */ = {isa = PBXBuildFile; fileRef = 493A76E51A9398E600C60719 /* BotIconMain@2x.png */; };
		493A770D1A9398E600C60719 /* BotIconMainselect.png in Resources */ = {isa = PBXBuildFile; fileRef = 493A76E61A9398E600C60719 /* BotIconMainselect.png */; };
		493A770E1A9398E600C60719 /* BotIconMainselect@2x.png in Resources */ = {isa = PBXBuildFile; fileRef = 493A76E71A9398E600C60719 /* BotIconMainselect@2x.png */; };
		493A770F1A9398E600C60719 /* BotIconMore.png in Resources */ = {isa = PBXBuildFile; fileRef = 493A76E81A9398E600C60719 /* BotIconMore.png */; };
		493A77101A9398E600C60719 /* BotIconMore@2x.png in Resources */ = {isa = PBXBuildFile; fileRef = 493A76E91A9398E600C60719 /* BotIconMore@2x.png */; };
		493A77111A9398E600C60719 /* BotIconMoreSelect.png in Resources */ = {isa = PBXBuildFile; fileRef = 493A76EA1A9398E600C60719 /* BotIconMoreSelect.png */; };
		493A77121A9398E600C60719 /* BotIconMoreSelect@2x.png in Resources */ = {isa = PBXBuildFile; fileRef = 493A76EB1A9398E600C60719 /* BotIconMoreSelect@2x.png */; };
		493A77131A9398E600C60719 /* BotIconRandom.png in Resources */ = {isa = PBXBuildFile; fileRef = 493A76EC1A9398E600C60719 /* BotIconRandom.png */; };
		493A77141A9398E600C60719 /* BotIconRandom@2x.png in Resources */ = {isa = PBXBuildFile; fileRef = 493A76ED1A9398E600C60719 /* BotIconRandom@2x.png */; };
		493A77151A9398E600C60719 /* BotIconRandomSelect.png in Resources */ = {isa = PBXBuildFile; fileRef = 493A76EE1A9398E600C60719 /* BotIconRandomSelect.png */; };
		493A77161A9398E600C60719 /* BotIconRandomSelect@2x.png in Resources */ = {isa = PBXBuildFile; fileRef = 493A76EF1A9398E600C60719 /* BotIconRandomSelect@2x.png */; };
		493A77171A9398E600C60719 /* BotIconStar.png in Resources */ = {isa = PBXBuildFile; fileRef = 493A76F01A9398E600C60719 /* BotIconStar.png */; };
		493A77181A9398E600C60719 /* BotIconStar@2x.png in Resources */ = {isa = PBXBuildFile; fileRef = 493A76F11A9398E600C60719 /* BotIconStar@2x.png */; };
		493A77191A9398E600C60719 /* BotIconStarSelect.png in Resources */ = {isa = PBXBuildFile; fileRef = 493A76F21A9398E600C60719 /* BotIconStarSelect.png */; };
		493A771A1A9398E600C60719 /* BotIconStarSelect@2x.png in Resources */ = {isa = PBXBuildFile; fileRef = 493A76F31A9398E600C60719 /* BotIconStarSelect@2x.png */; };
		493A771B1A9398E600C60719 /* CallBotton.png in Resources */ = {isa = PBXBuildFile; fileRef = 493A76F41A9398E600C60719 /* CallBotton.png */; };
		493A771C1A9398E600C60719 /* CouponIcon.png in Resources */ = {isa = PBXBuildFile; fileRef = 493A76F51A9398E600C60719 /* CouponIcon.png */; };
		493A771D1A9398E600C60719 /* flyerBlack.png in Resources */ = {isa = PBXBuildFile; fileRef = 493A76F61A9398E600C60719 /* flyerBlack.png */; };
		493A771E1A9398E600C60719 /* flyerOrange.png in Resources */ = {isa = PBXBuildFile; fileRef = 493A76F71A9398E600C60719 /* flyerOrange.png */; };
		493A771F1A9398E600C60719 /* iconBab.png in Resources */ = {isa = PBXBuildFile; fileRef = 493A76F81A9398E600C60719 /* iconBab.png */; };
		493A77201A9398E600C60719 /* iconBossam.png in Resources */ = {isa = PBXBuildFile; fileRef = 493A76F91A9398E600C60719 /* iconBossam.png */; };
		493A77211A9398E600C60719 /* iconChic.png in Resources */ = {isa = PBXBuildFile; fileRef = 493A76FA1A9398E600C60719 /* iconChic.png */; };
		493A77221A9398E600C60719 /* iconChinese.png in Resources */ = {isa = PBXBuildFile; fileRef = 493A76FB1A9398E600C60719 /* iconChinese.png */; };
		493A77231A9398E600C60719 /* iconDosirak.png in Resources */ = {isa = PBXBuildFile; fileRef = 493A76FC1A9398E600C60719 /* iconDosirak.png */; };
		493A77241A9398E600C60719 /* iconEtc.png in Resources */ = {isa = PBXBuildFile; fileRef = 493A76FD1A9398E600C60719 /* iconEtc.png */; };
		493A77251A9398E600C60719 /* iconNoodle.png in Resources */ = {isa = PBXBuildFile; fileRef = 493A76FE1A9398E600C60719 /* iconNoodle.png */; };
		493A77261A9398E600C60719 /* iconPizza.png in Resources */ = {isa = PBXBuildFile; fileRef = 493A76FF1A9398E600C60719 /* iconPizza.png */; };
		493A77271A9398E600C60719 /* ImgIcon.png in Resources */ = {isa = PBXBuildFile; fileRef = 493A77001A9398E600C60719 /* ImgIcon.png */; };
		493A77281A9398E600C60719 /* NewIcon.png in Resources */ = {isa = PBXBuildFile; fileRef = 493A77011A9398E600C60719 /* NewIcon.png */; };
		493A77291A9398E600C60719 /* SearchIcon.png in Resources */ = {isa = PBXBuildFile; fileRef = 493A77021A9398E600C60719 /* SearchIcon.png */; };
		493A772A1A9398E600C60719 /* StarBackgroundNull.png in Resources */ = {isa = PBXBuildFile; fileRef = 493A77031A9398E600C60719 /* StarBackgroundNull.png */; };
		493A772B1A9398E600C60719 /* StarOff.png in Resources */ = {isa = PBXBuildFile; fileRef = 493A77041A9398E600C60719 /* StarOff.png */; };
		493A772C1A9398E600C60719 /* StarOff@2x.png in Resources */ = {isa = PBXBuildFile; fileRef = 493A77051A9398E600C60719 /* StarOff@2x.png */; };
		493A772D1A9398E600C60719 /* StarOn.png in Resources */ = {isa = PBXBuildFile; fileRef = 493A77061A9398E600C60719 /* StarOn.png */; };
		493A772E1A9398E600C60719 /* StarOn@2x.png in Resources */ = {isa = PBXBuildFile; fileRef = 493A77071A9398E600C60719 /* StarOn@2x.png */; };
		493A772F1A9398E600C60719 /* StarOnList.png in Resources */ = {isa = PBXBuildFile; fileRef = 493A77081A9398E600C60719 /* StarOnList.png */; };
		4973B16A1A890F160006A690 /* Static.m in Sources */ = {isa = PBXBuildFile; fileRef = 4973B1691A890F160006A690 /* Static.m */; };
		4973B16D1A8914890006A690 /* SelectCampusViewController.m in Sources */ = {isa = PBXBuildFile; fileRef = 4973B16C1A8914890006A690 /* SelectCampusViewController.m */; };
		499E69EC1A8AE3C50067E008 /* Security.framework in Frameworks */ = {isa = PBXBuildFile; fileRef = 499E69EB1A8AE3C50067E008 /* Security.framework */; };
		499E69F21A8AE6D80067E008 /* SSKeychain.m in Sources */ = {isa = PBXBuildFile; fileRef = 499E69EF1A8AE6D80067E008 /* SSKeychain.m */; };
		499E69F31A8AE6D80067E008 /* SSKeychainQuery.m in Sources */ = {isa = PBXBuildFile; fileRef = 499E69F11A8AE6D80067E008 /* SSKeychainQuery.m */; };
		49C3DB271851C594002C9EBA /* FlyerViewController.m in Sources */ = {isa = PBXBuildFile; fileRef = 49C3DB261851C594002C9EBA /* FlyerViewController.m */; };
		A5E14BED7097920F0362F9B2 /* libPods.a in Frameworks */ = {isa = PBXBuildFile; fileRef = 04FD547DC08240F73F4E0875 /* libPods.a */; };
		F5008D5719A0F65400831238 /* CustomButton.m in Sources */ = {isa = PBXBuildFile; fileRef = F5008D5619A0F65400831238 /* CustomButton.m */; };
		F50403831AE0AC4E00E415E3 /* SystemConfiguration.framework in Frameworks */ = {isa = PBXBuildFile; fileRef = F50403821AE0AC4E00E415E3 /* SystemConfiguration.framework */; };
		F50403851AE0AD0800E415E3 /* libGoogleAnalyticsServices.a in Frameworks */ = {isa = PBXBuildFile; fileRef = F50403841AE0AD0800E415E3 /* libGoogleAnalyticsServices.a */; };
		F5110AC817FC013C00D7AA85 /* Foundation.framework in Frameworks */ = {isa = PBXBuildFile; fileRef = F5110AC717FC013C00D7AA85 /* Foundation.framework */; };
		F5110ACA17FC013C00D7AA85 /* CoreGraphics.framework in Frameworks */ = {isa = PBXBuildFile; fileRef = F5110AC917FC013C00D7AA85 /* CoreGraphics.framework */; };
		F5110ACC17FC013C00D7AA85 /* UIKit.framework in Frameworks */ = {isa = PBXBuildFile; fileRef = F5110ACB17FC013C00D7AA85 /* UIKit.framework */; };
		F5110AD217FC013C00D7AA85 /* InfoPlist.strings in Resources */ = {isa = PBXBuildFile; fileRef = F5110AD017FC013C00D7AA85 /* InfoPlist.strings */; };
		F5110AD417FC013C00D7AA85 /* main.m in Sources */ = {isa = PBXBuildFile; fileRef = F5110AD317FC013C00D7AA85 /* main.m */; };
		F5110AD817FC013C00D7AA85 /* AppDelegate.m in Sources */ = {isa = PBXBuildFile; fileRef = F5110AD717FC013C00D7AA85 /* AppDelegate.m */; };
		F5110ADE17FC013C00D7AA85 /* MasterViewController.m in Sources */ = {isa = PBXBuildFile; fileRef = F5110ADD17FC013C00D7AA85 /* MasterViewController.m */; };
		F5110AE317FC013C00D7AA85 /* Images.xcassets in Resources */ = {isa = PBXBuildFile; fileRef = F5110AE217FC013C00D7AA85 /* Images.xcassets */; };
		F5110AEA17FC013C00D7AA85 /* XCTest.framework in Frameworks */ = {isa = PBXBuildFile; fileRef = F5110AE917FC013C00D7AA85 /* XCTest.framework */; };
		F5110AEB17FC013C00D7AA85 /* Foundation.framework in Frameworks */ = {isa = PBXBuildFile; fileRef = F5110AC717FC013C00D7AA85 /* Foundation.framework */; };
		F5110AEC17FC013C00D7AA85 /* UIKit.framework in Frameworks */ = {isa = PBXBuildFile; fileRef = F5110ACB17FC013C00D7AA85 /* UIKit.framework */; };
		F5110AF417FC013C00D7AA85 /* InfoPlist.strings in Resources */ = {isa = PBXBuildFile; fileRef = F5110AF217FC013C00D7AA85 /* InfoPlist.strings */; };
		F5110AF617FC013C00D7AA85 /* ShadalTests.m in Sources */ = {isa = PBXBuildFile; fileRef = F5110AF517FC013C00D7AA85 /* ShadalTests.m */; };
		F5110B0117FC044E00D7AA85 /* Restaurant.m in Sources */ = {isa = PBXBuildFile; fileRef = F5110B0017FC044E00D7AA85 /* Restaurant.m */; };
		F5110B0417FC10E200D7AA85 /* DetailViewController.m in Sources */ = {isa = PBXBuildFile; fileRef = F5110B0317FC10E200D7AA85 /* DetailViewController.m */; };
		F511BEDF1AE0A8C000B8E36F /* libz.dylib in Frameworks */ = {isa = PBXBuildFile; fileRef = F511BEDE1AE0A8C000B8E36F /* libz.dylib */; };
		F511BEE11AE0A8EC00B8E36F /* CoreData.framework in Frameworks */ = {isa = PBXBuildFile; fileRef = F511BEE01AE0A8EC00B8E36F /* CoreData.framework */; };
		F511BEE31AE0A96300B8E36F /* AdSupport.framework in Frameworks */ = {isa = PBXBuildFile; fileRef = F511BEE21AE0A96300B8E36F /* AdSupport.framework */; };
		F519367F199F324000339903 /* SettingTableViewController.m in Sources */ = {isa = PBXBuildFile; fileRef = F519367E199F324000339903 /* SettingTableViewController.m */; };
		F52319BF19A6925B00236221 /* Main.storyboard in Resources */ = {isa = PBXBuildFile; fileRef = F5110AD917FC013C00D7AA85 /* Main.storyboard */; };
		F52A85CD1999126B0010C261 /* FavoriteViewController.m in Sources */ = {isa = PBXBuildFile; fileRef = F52A85CC1999126B0010C261 /* FavoriteViewController.m */; };
		F536D599180CC8D600E73254 /* MenuCell.m in Sources */ = {isa = PBXBuildFile; fileRef = F536D598180CC8D600E73254 /* MenuCell.m */; };
		F536D59B180CC8E400E73254 /* MenuCell.xib in Resources */ = {isa = PBXBuildFile; fileRef = F536D59A180CC8E400E73254 /* MenuCell.xib */; };
		F540F6031A95EA6B0051AFFD /* NanumGothic.otf in Resources */ = {isa = PBXBuildFile; fileRef = F540F6001A95EA6B0051AFFD /* NanumGothic.otf */; };
		F540F6041A95EA6B0051AFFD /* NanumGothicBold.otf in Resources */ = {isa = PBXBuildFile; fileRef = F540F6011A95EA6B0051AFFD /* NanumGothicBold.otf */; };
		F540F6051A95EA6B0051AFFD /* NanumGothicExtraBold.otf in Resources */ = {isa = PBXBuildFile; fileRef = F540F6021A95EA6B0051AFFD /* NanumGothicExtraBold.otf */; };
		F54118361800EC92006A2136 /* RestaurantViewController.m in Sources */ = {isa = PBXBuildFile; fileRef = F54118351800EC92006A2136 /* RestaurantViewController.m */; };
		F54CF570195AA21200B7C67A /* Server.m in Sources */ = {isa = PBXBuildFile; fileRef = F54CF56F195AA21200B7C67A /* Server.m */; };
		F54D136F199B8E8700AFE026 /* CategoryCell.m in Sources */ = {isa = PBXBuildFile; fileRef = F54D136D199B8E8700AFE026 /* CategoryCell.m */; };
		F54D1370199B8E8700AFE026 /* CategoryCell.xib in Resources */ = {isa = PBXBuildFile; fileRef = F54D136E199B8E8700AFE026 /* CategoryCell.xib */; };
		F54D1376199B92CB00AFE026 /* CustomTitleView.m in Sources */ = {isa = PBXBuildFile; fileRef = F54D1375199B92CB00AFE026 /* CustomTitleView.m */; };
		F54D1378199B92E000AFE026 /* CustomTitleView.xib in Resources */ = {isa = PBXBuildFile; fileRef = F54D1377199B92E000AFE026 /* CustomTitleView.xib */; };
		F54F66111A9493DD009E0741 /* bikeMan.png in Resources */ = {isa = PBXBuildFile; fileRef = F54F66101A9493DD009E0741 /* bikeMan.png */; };
		F5554F2A19B3687C004686AB /* Reachability.m in Sources */ = {isa = PBXBuildFile; fileRef = F5554F2919B3687C004686AB /* Reachability.m */; };
		F5710F701AA4C63C00EC8E95 /* talk_party_banner.png in Resources */ = {isa = PBXBuildFile; fileRef = F5710F6F1AA4C63C00EC8E95 /* talk_party_banner.png */; };
		F59DB07919A0D7DD007F9A71 /* UIColor+COLORCategories.m in Sources */ = {isa = PBXBuildFile; fileRef = F59DB07619A0D7DD007F9A71 /* UIColor+COLORCategories.m */; };
		F59DB07A19A0D7DD007F9A71 /* UIImage+IMAGECategories.m in Sources */ = {isa = PBXBuildFile; fileRef = F59DB07819A0D7DD007F9A71 /* UIImage+IMAGECategories.m */; };
/* End PBXBuildFile section */

/* Begin PBXContainerItemProxy section */
		F5110AED17FC013C00D7AA85 /* PBXContainerItemProxy */ = {
			isa = PBXContainerItemProxy;
			containerPortal = F5110ABC17FC013C00D7AA85 /* Project object */;
			proxyType = 1;
			remoteGlobalIDString = F5110AC317FC013C00D7AA85;
			remoteInfo = Shadal;
		};
/* End PBXContainerItemProxy section */

/* Begin PBXFileReference section */
		04FD547DC08240F73F4E0875 /* libPods.a */ = {isa = PBXFileReference; explicitFileType = archive.ar; includeInIndex = 0; path = libPods.a; sourceTree = BUILT_PRODUCTS_DIR; };
		3AD00A29A2F372675E7F070F /* Pods.release.xcconfig */ = {isa = PBXFileReference; includeInIndex = 1; lastKnownFileType = text.xcconfig; name = Pods.release.xcconfig; path = "Pods/Target Support Files/Pods/Pods.release.xcconfig"; sourceTree = "<group>"; };
		49103D531851A63F00070801 /* RestaurantCell.h */ = {isa = PBXFileReference; fileEncoding = 4; lastKnownFileType = sourcecode.c.h; path = RestaurantCell.h; sourceTree = "<group>"; };
		49103D541851A63F00070801 /* RestaurantCell.m */ = {isa = PBXFileReference; fileEncoding = 4; lastKnownFileType = sourcecode.c.objc; path = RestaurantCell.m; sourceTree = "<group>"; };
		49103D561851A65500070801 /* RestaurantCell.xib */ = {isa = PBXFileReference; fileEncoding = 4; lastKnownFileType = file.xib; path = RestaurantCell.xib; sourceTree = "<group>"; };
		491FD30E1852DCD300885396 /* UIImage+UIImage_Customized.h */ = {isa = PBXFileReference; fileEncoding = 4; lastKnownFileType = sourcecode.c.h; path = "UIImage+UIImage_Customized.h"; sourceTree = "<group>"; };
		491FD30F1852DCD300885396 /* UIImage+UIImage_Customized.m */ = {isa = PBXFileReference; fileEncoding = 4; lastKnownFileType = sourcecode.c.objc; path = "UIImage+UIImage_Customized.m"; sourceTree = "<group>"; };
		493A76E41A9398E600C60719 /* BotIconMain.png */ = {isa = PBXFileReference; lastKnownFileType = image.png; path = BotIconMain.png; sourceTree = "<group>"; };
		493A76E51A9398E600C60719 /* BotIconMain@2x.png */ = {isa = PBXFileReference; lastKnownFileType = image.png; path = "BotIconMain@2x.png"; sourceTree = "<group>"; };
		493A76E61A9398E600C60719 /* BotIconMainselect.png */ = {isa = PBXFileReference; lastKnownFileType = image.png; path = BotIconMainselect.png; sourceTree = "<group>"; };
		493A76E71A9398E600C60719 /* BotIconMainselect@2x.png */ = {isa = PBXFileReference; lastKnownFileType = image.png; path = "BotIconMainselect@2x.png"; sourceTree = "<group>"; };
		493A76E81A9398E600C60719 /* BotIconMore.png */ = {isa = PBXFileReference; lastKnownFileType = image.png; path = BotIconMore.png; sourceTree = "<group>"; };
		493A76E91A9398E600C60719 /* BotIconMore@2x.png */ = {isa = PBXFileReference; lastKnownFileType = image.png; path = "BotIconMore@2x.png"; sourceTree = "<group>"; };
		493A76EA1A9398E600C60719 /* BotIconMoreSelect.png */ = {isa = PBXFileReference; lastKnownFileType = image.png; path = BotIconMoreSelect.png; sourceTree = "<group>"; };
		493A76EB1A9398E600C60719 /* BotIconMoreSelect@2x.png */ = {isa = PBXFileReference; lastKnownFileType = image.png; path = "BotIconMoreSelect@2x.png"; sourceTree = "<group>"; };
		493A76EC1A9398E600C60719 /* BotIconRandom.png */ = {isa = PBXFileReference; lastKnownFileType = image.png; path = BotIconRandom.png; sourceTree = "<group>"; };
		493A76ED1A9398E600C60719 /* BotIconRandom@2x.png */ = {isa = PBXFileReference; lastKnownFileType = image.png; path = "BotIconRandom@2x.png"; sourceTree = "<group>"; };
		493A76EE1A9398E600C60719 /* BotIconRandomSelect.png */ = {isa = PBXFileReference; lastKnownFileType = image.png; path = BotIconRandomSelect.png; sourceTree = "<group>"; };
		493A76EF1A9398E600C60719 /* BotIconRandomSelect@2x.png */ = {isa = PBXFileReference; lastKnownFileType = image.png; path = "BotIconRandomSelect@2x.png"; sourceTree = "<group>"; };
		493A76F01A9398E600C60719 /* BotIconStar.png */ = {isa = PBXFileReference; lastKnownFileType = image.png; path = BotIconStar.png; sourceTree = "<group>"; };
		493A76F11A9398E600C60719 /* BotIconStar@2x.png */ = {isa = PBXFileReference; lastKnownFileType = image.png; path = "BotIconStar@2x.png"; sourceTree = "<group>"; };
		493A76F21A9398E600C60719 /* BotIconStarSelect.png */ = {isa = PBXFileReference; lastKnownFileType = image.png; path = BotIconStarSelect.png; sourceTree = "<group>"; };
		493A76F31A9398E600C60719 /* BotIconStarSelect@2x.png */ = {isa = PBXFileReference; lastKnownFileType = image.png; path = "BotIconStarSelect@2x.png"; sourceTree = "<group>"; };
		493A76F41A9398E600C60719 /* CallBotton.png */ = {isa = PBXFileReference; lastKnownFileType = image.png; path = CallBotton.png; sourceTree = "<group>"; };
		493A76F51A9398E600C60719 /* CouponIcon.png */ = {isa = PBXFileReference; lastKnownFileType = image.png; path = CouponIcon.png; sourceTree = "<group>"; };
		493A76F61A9398E600C60719 /* flyerBlack.png */ = {isa = PBXFileReference; lastKnownFileType = image.png; path = flyerBlack.png; sourceTree = "<group>"; };
		493A76F71A9398E600C60719 /* flyerOrange.png */ = {isa = PBXFileReference; lastKnownFileType = image.png; path = flyerOrange.png; sourceTree = "<group>"; };
		493A76F81A9398E600C60719 /* iconBab.png */ = {isa = PBXFileReference; lastKnownFileType = image.png; path = iconBab.png; sourceTree = "<group>"; };
		493A76F91A9398E600C60719 /* iconBossam.png */ = {isa = PBXFileReference; lastKnownFileType = image.png; path = iconBossam.png; sourceTree = "<group>"; };
		493A76FA1A9398E600C60719 /* iconChic.png */ = {isa = PBXFileReference; lastKnownFileType = image.png; path = iconChic.png; sourceTree = "<group>"; };
		493A76FB1A9398E600C60719 /* iconChinese.png */ = {isa = PBXFileReference; lastKnownFileType = image.png; path = iconChinese.png; sourceTree = "<group>"; };
		493A76FC1A9398E600C60719 /* iconDosirak.png */ = {isa = PBXFileReference; lastKnownFileType = image.png; path = iconDosirak.png; sourceTree = "<group>"; };
		493A76FD1A9398E600C60719 /* iconEtc.png */ = {isa = PBXFileReference; lastKnownFileType = image.png; path = iconEtc.png; sourceTree = "<group>"; };
		493A76FE1A9398E600C60719 /* iconNoodle.png */ = {isa = PBXFileReference; lastKnownFileType = image.png; path = iconNoodle.png; sourceTree = "<group>"; };
		493A76FF1A9398E600C60719 /* iconPizza.png */ = {isa = PBXFileReference; lastKnownFileType = image.png; path = iconPizza.png; sourceTree = "<group>"; };
		493A77001A9398E600C60719 /* ImgIcon.png */ = {isa = PBXFileReference; lastKnownFileType = image.png; path = ImgIcon.png; sourceTree = "<group>"; };
		493A77011A9398E600C60719 /* NewIcon.png */ = {isa = PBXFileReference; lastKnownFileType = image.png; path = NewIcon.png; sourceTree = "<group>"; };
		493A77021A9398E600C60719 /* SearchIcon.png */ = {isa = PBXFileReference; lastKnownFileType = image.png; path = SearchIcon.png; sourceTree = "<group>"; };
		493A77031A9398E600C60719 /* StarBackgroundNull.png */ = {isa = PBXFileReference; lastKnownFileType = image.png; path = StarBackgroundNull.png; sourceTree = "<group>"; };
		493A77041A9398E600C60719 /* StarOff.png */ = {isa = PBXFileReference; lastKnownFileType = image.png; path = StarOff.png; sourceTree = "<group>"; };
		493A77051A9398E600C60719 /* StarOff@2x.png */ = {isa = PBXFileReference; lastKnownFileType = image.png; path = "StarOff@2x.png"; sourceTree = "<group>"; };
		493A77061A9398E600C60719 /* StarOn.png */ = {isa = PBXFileReference; lastKnownFileType = image.png; path = StarOn.png; sourceTree = "<group>"; };
		493A77071A9398E600C60719 /* StarOn@2x.png */ = {isa = PBXFileReference; lastKnownFileType = image.png; path = "StarOn@2x.png"; sourceTree = "<group>"; };
		493A77081A9398E600C60719 /* StarOnList.png */ = {isa = PBXFileReference; lastKnownFileType = image.png; path = StarOnList.png; sourceTree = "<group>"; };
		4973B1681A890F160006A690 /* Static.h */ = {isa = PBXFileReference; fileEncoding = 4; lastKnownFileType = sourcecode.c.h; path = Static.h; sourceTree = "<group>"; };
		4973B1691A890F160006A690 /* Static.m */ = {isa = PBXFileReference; fileEncoding = 4; lastKnownFileType = sourcecode.c.objc; path = Static.m; sourceTree = "<group>"; };
		4973B16B1A8914890006A690 /* SelectCampusViewController.h */ = {isa = PBXFileReference; fileEncoding = 4; lastKnownFileType = sourcecode.c.h; path = SelectCampusViewController.h; sourceTree = "<group>"; };
		4973B16C1A8914890006A690 /* SelectCampusViewController.m */ = {isa = PBXFileReference; fileEncoding = 4; lastKnownFileType = sourcecode.c.objc; path = SelectCampusViewController.m; sourceTree = "<group>"; };
		499E69EB1A8AE3C50067E008 /* Security.framework */ = {isa = PBXFileReference; lastKnownFileType = wrapper.framework; name = Security.framework; path = System/Library/Frameworks/Security.framework; sourceTree = SDKROOT; };
		499E69EE1A8AE6D80067E008 /* SSKeychain.h */ = {isa = PBXFileReference; fileEncoding = 4; lastKnownFileType = sourcecode.c.h; path = SSKeychain.h; sourceTree = "<group>"; };
		499E69EF1A8AE6D80067E008 /* SSKeychain.m */ = {isa = PBXFileReference; fileEncoding = 4; lastKnownFileType = sourcecode.c.objc; path = SSKeychain.m; sourceTree = "<group>"; };
		499E69F01A8AE6D80067E008 /* SSKeychainQuery.h */ = {isa = PBXFileReference; fileEncoding = 4; lastKnownFileType = sourcecode.c.h; path = SSKeychainQuery.h; sourceTree = "<group>"; };
		499E69F11A8AE6D80067E008 /* SSKeychainQuery.m */ = {isa = PBXFileReference; fileEncoding = 4; lastKnownFileType = sourcecode.c.objc; path = SSKeychainQuery.m; sourceTree = "<group>"; };
		49C3DB251851C594002C9EBA /* FlyerViewController.h */ = {isa = PBXFileReference; fileEncoding = 4; lastKnownFileType = sourcecode.c.h; path = FlyerViewController.h; sourceTree = "<group>"; };
		49C3DB261851C594002C9EBA /* FlyerViewController.m */ = {isa = PBXFileReference; fileEncoding = 4; lastKnownFileType = sourcecode.c.objc; path = FlyerViewController.m; sourceTree = "<group>"; };
		D4EF77E3EB439F27374E560D /* Pods.debug.xcconfig */ = {isa = PBXFileReference; includeInIndex = 1; lastKnownFileType = text.xcconfig; name = Pods.debug.xcconfig; path = "Pods/Target Support Files/Pods/Pods.debug.xcconfig"; sourceTree = "<group>"; };
		F5008D5519A0F65400831238 /* CustomButton.h */ = {isa = PBXFileReference; fileEncoding = 4; lastKnownFileType = sourcecode.c.h; path = CustomButton.h; sourceTree = "<group>"; };
		F5008D5619A0F65400831238 /* CustomButton.m */ = {isa = PBXFileReference; fileEncoding = 4; lastKnownFileType = sourcecode.c.objc; path = CustomButton.m; sourceTree = "<group>"; };
		F50403821AE0AC4E00E415E3 /* SystemConfiguration.framework */ = {isa = PBXFileReference; lastKnownFileType = wrapper.framework; name = SystemConfiguration.framework; path = System/Library/Frameworks/SystemConfiguration.framework; sourceTree = SDKROOT; };
		F50403841AE0AD0800E415E3 /* libGoogleAnalyticsServices.a */ = {isa = PBXFileReference; lastKnownFileType = archive.ar; name = libGoogleAnalyticsServices.a; path = "Pods/GoogleAnalytics-iOS-SDK/libGoogleAnalyticsServices.a"; sourceTree = "<group>"; };
		F5110AC417FC013C00D7AA85 /* 캠퍼스달.app */ = {isa = PBXFileReference; explicitFileType = wrapper.application; includeInIndex = 0; path = "캠퍼스달.app"; sourceTree = BUILT_PRODUCTS_DIR; };
		F5110AC717FC013C00D7AA85 /* Foundation.framework */ = {isa = PBXFileReference; lastKnownFileType = wrapper.framework; name = Foundation.framework; path = System/Library/Frameworks/Foundation.framework; sourceTree = SDKROOT; };
		F5110AC917FC013C00D7AA85 /* CoreGraphics.framework */ = {isa = PBXFileReference; lastKnownFileType = wrapper.framework; name = CoreGraphics.framework; path = System/Library/Frameworks/CoreGraphics.framework; sourceTree = SDKROOT; };
		F5110ACB17FC013C00D7AA85 /* UIKit.framework */ = {isa = PBXFileReference; lastKnownFileType = wrapper.framework; name = UIKit.framework; path = System/Library/Frameworks/UIKit.framework; sourceTree = SDKROOT; };
		F5110ACF17FC013C00D7AA85 /* Shadal-Info.plist */ = {isa = PBXFileReference; lastKnownFileType = text.plist.xml; path = "Shadal-Info.plist"; sourceTree = "<group>"; };
		F5110AD117FC013C00D7AA85 /* en */ = {isa = PBXFileReference; lastKnownFileType = text.plist.strings; name = en; path = en.lproj/InfoPlist.strings; sourceTree = "<group>"; };
		F5110AD317FC013C00D7AA85 /* main.m */ = {isa = PBXFileReference; lastKnownFileType = sourcecode.c.objc; path = main.m; sourceTree = "<group>"; };
		F5110AD517FC013C00D7AA85 /* Shadal-Prefix.pch */ = {isa = PBXFileReference; lastKnownFileType = sourcecode.c.h; path = "Shadal-Prefix.pch"; sourceTree = "<group>"; };
		F5110AD617FC013C00D7AA85 /* AppDelegate.h */ = {isa = PBXFileReference; lastKnownFileType = sourcecode.c.h; path = AppDelegate.h; sourceTree = "<group>"; };
		F5110AD717FC013C00D7AA85 /* AppDelegate.m */ = {isa = PBXFileReference; lastKnownFileType = sourcecode.c.objc; path = AppDelegate.m; sourceTree = "<group>"; };
		F5110ADA17FC013C00D7AA85 /* Base */ = {isa = PBXFileReference; lastKnownFileType = file.storyboard; name = Base; path = Base.lproj/Main.storyboard; sourceTree = "<group>"; };
		F5110ADC17FC013C00D7AA85 /* MasterViewController.h */ = {isa = PBXFileReference; lastKnownFileType = sourcecode.c.h; path = MasterViewController.h; sourceTree = "<group>"; };
		F5110ADD17FC013C00D7AA85 /* MasterViewController.m */ = {isa = PBXFileReference; lastKnownFileType = sourcecode.c.objc; path = MasterViewController.m; sourceTree = "<group>"; };
		F5110AE217FC013C00D7AA85 /* Images.xcassets */ = {isa = PBXFileReference; lastKnownFileType = folder.assetcatalog; path = Images.xcassets; sourceTree = "<group>"; };
		F5110AE817FC013C00D7AA85 /* ShadalTests.xctest */ = {isa = PBXFileReference; explicitFileType = wrapper.cfbundle; includeInIndex = 0; path = ShadalTests.xctest; sourceTree = BUILT_PRODUCTS_DIR; };
		F5110AE917FC013C00D7AA85 /* XCTest.framework */ = {isa = PBXFileReference; lastKnownFileType = wrapper.framework; name = XCTest.framework; path = Library/Frameworks/XCTest.framework; sourceTree = DEVELOPER_DIR; };
		F5110AF117FC013C00D7AA85 /* ShadalTests-Info.plist */ = {isa = PBXFileReference; lastKnownFileType = text.plist.xml; path = "ShadalTests-Info.plist"; sourceTree = "<group>"; };
		F5110AF317FC013C00D7AA85 /* en */ = {isa = PBXFileReference; lastKnownFileType = text.plist.strings; name = en; path = en.lproj/InfoPlist.strings; sourceTree = "<group>"; };
		F5110AF517FC013C00D7AA85 /* ShadalTests.m */ = {isa = PBXFileReference; lastKnownFileType = sourcecode.c.objc; path = ShadalTests.m; sourceTree = "<group>"; };
		F5110AFF17FC044E00D7AA85 /* Restaurant.h */ = {isa = PBXFileReference; fileEncoding = 4; lastKnownFileType = sourcecode.c.h; path = Restaurant.h; sourceTree = "<group>"; };
		F5110B0017FC044E00D7AA85 /* Restaurant.m */ = {isa = PBXFileReference; fileEncoding = 4; lastKnownFileType = sourcecode.c.objc; path = Restaurant.m; sourceTree = "<group>"; };
		F5110B0217FC10E200D7AA85 /* DetailViewController.h */ = {isa = PBXFileReference; fileEncoding = 4; lastKnownFileType = sourcecode.c.h; path = DetailViewController.h; sourceTree = "<group>"; };
		F5110B0317FC10E200D7AA85 /* DetailViewController.m */ = {isa = PBXFileReference; fileEncoding = 4; lastKnownFileType = sourcecode.c.objc; path = DetailViewController.m; sourceTree = "<group>"; };
		F511BECB1AE09F2800B8E36F /* libGoogleAnalyticsServices.a */ = {isa = PBXFileReference; lastKnownFileType = archive.ar; name = libGoogleAnalyticsServices.a; path = "Shadal/External Libraries/libGoogleAnalyticsServices.a"; sourceTree = "<group>"; };
		F511BEDE1AE0A8C000B8E36F /* libz.dylib */ = {isa = PBXFileReference; lastKnownFileType = "compiled.mach-o.dylib"; name = libz.dylib; path = usr/lib/libz.dylib; sourceTree = SDKROOT; };
		F511BEE01AE0A8EC00B8E36F /* CoreData.framework */ = {isa = PBXFileReference; lastKnownFileType = wrapper.framework; name = CoreData.framework; path = System/Library/Frameworks/CoreData.framework; sourceTree = SDKROOT; };
		F511BEE21AE0A96300B8E36F /* AdSupport.framework */ = {isa = PBXFileReference; lastKnownFileType = wrapper.framework; name = AdSupport.framework; path = System/Library/Frameworks/AdSupport.framework; sourceTree = SDKROOT; };
		F519367D199F324000339903 /* SettingTableViewController.h */ = {isa = PBXFileReference; fileEncoding = 4; lastKnownFileType = sourcecode.c.h; path = SettingTableViewController.h; sourceTree = "<group>"; };
		F519367E199F324000339903 /* SettingTableViewController.m */ = {isa = PBXFileReference; fileEncoding = 4; lastKnownFileType = sourcecode.c.objc; path = SettingTableViewController.m; sourceTree = "<group>"; };
		F52A85CB1999126B0010C261 /* FavoriteViewController.h */ = {isa = PBXFileReference; fileEncoding = 4; lastKnownFileType = sourcecode.c.h; path = FavoriteViewController.h; sourceTree = "<group>"; };
		F52A85CC1999126B0010C261 /* FavoriteViewController.m */ = {isa = PBXFileReference; fileEncoding = 4; lastKnownFileType = sourcecode.c.objc; path = FavoriteViewController.m; sourceTree = "<group>"; };
		F536D597180CC8D600E73254 /* MenuCell.h */ = {isa = PBXFileReference; fileEncoding = 4; lastKnownFileType = sourcecode.c.h; path = MenuCell.h; sourceTree = "<group>"; };
		F536D598180CC8D600E73254 /* MenuCell.m */ = {isa = PBXFileReference; fileEncoding = 4; lastKnownFileType = sourcecode.c.objc; path = MenuCell.m; sourceTree = "<group>"; };
		F536D59A180CC8E400E73254 /* MenuCell.xib */ = {isa = PBXFileReference; fileEncoding = 4; lastKnownFileType = file.xib; path = MenuCell.xib; sourceTree = "<group>"; };
		F540F6001A95EA6B0051AFFD /* NanumGothic.otf */ = {isa = PBXFileReference; lastKnownFileType = file; name = NanumGothic.otf; path = "font-resources/NanumGothic.otf"; sourceTree = "<group>"; };
		F540F6011A95EA6B0051AFFD /* NanumGothicBold.otf */ = {isa = PBXFileReference; lastKnownFileType = file; name = NanumGothicBold.otf; path = "font-resources/NanumGothicBold.otf"; sourceTree = "<group>"; };
		F540F6021A95EA6B0051AFFD /* NanumGothicExtraBold.otf */ = {isa = PBXFileReference; lastKnownFileType = file; name = NanumGothicExtraBold.otf; path = "font-resources/NanumGothicExtraBold.otf"; sourceTree = "<group>"; };
		F54118341800EC92006A2136 /* RestaurantViewController.h */ = {isa = PBXFileReference; fileEncoding = 4; lastKnownFileType = sourcecode.c.h; path = RestaurantViewController.h; sourceTree = "<group>"; };
		F54118351800EC92006A2136 /* RestaurantViewController.m */ = {isa = PBXFileReference; fileEncoding = 4; lastKnownFileType = sourcecode.c.objc; path = RestaurantViewController.m; sourceTree = "<group>"; };
		F54CF56E195AA21200B7C67A /* Server.h */ = {isa = PBXFileReference; fileEncoding = 4; lastKnownFileType = sourcecode.c.h; path = Server.h; sourceTree = "<group>"; };
		F54CF56F195AA21200B7C67A /* Server.m */ = {isa = PBXFileReference; fileEncoding = 4; lastKnownFileType = sourcecode.c.objc; path = Server.m; sourceTree = "<group>"; };
		F54D136C199B8E8700AFE026 /* CategoryCell.h */ = {isa = PBXFileReference; fileEncoding = 4; lastKnownFileType = sourcecode.c.h; path = CategoryCell.h; sourceTree = "<group>"; };
		F54D136D199B8E8700AFE026 /* CategoryCell.m */ = {isa = PBXFileReference; fileEncoding = 4; lastKnownFileType = sourcecode.c.objc; path = CategoryCell.m; sourceTree = "<group>"; };
		F54D136E199B8E8700AFE026 /* CategoryCell.xib */ = {isa = PBXFileReference; fileEncoding = 4; lastKnownFileType = file.xib; path = CategoryCell.xib; sourceTree = "<group>"; };
		F54D1374199B92CB00AFE026 /* CustomTitleView.h */ = {isa = PBXFileReference; fileEncoding = 4; lastKnownFileType = sourcecode.c.h; path = CustomTitleView.h; sourceTree = "<group>"; };
		F54D1375199B92CB00AFE026 /* CustomTitleView.m */ = {isa = PBXFileReference; fileEncoding = 4; lastKnownFileType = sourcecode.c.objc; path = CustomTitleView.m; sourceTree = "<group>"; };
		F54D1377199B92E000AFE026 /* CustomTitleView.xib */ = {isa = PBXFileReference; fileEncoding = 4; lastKnownFileType = file.xib; path = CustomTitleView.xib; sourceTree = "<group>"; };
		F54F66101A9493DD009E0741 /* bikeMan.png */ = {isa = PBXFileReference; lastKnownFileType = image.png; path = bikeMan.png; sourceTree = "<group>"; };
		F5554F2819B3687C004686AB /* Reachability.h */ = {isa = PBXFileReference; fileEncoding = 4; lastKnownFileType = sourcecode.c.h; path = Reachability.h; sourceTree = "<group>"; };
		F5554F2919B3687C004686AB /* Reachability.m */ = {isa = PBXFileReference; fileEncoding = 4; lastKnownFileType = sourcecode.c.objc; path = Reachability.m; sourceTree = "<group>"; };
		F5710F6F1AA4C63C00EC8E95 /* talk_party_banner.png */ = {isa = PBXFileReference; lastKnownFileType = image.png; path = talk_party_banner.png; sourceTree = "<group>"; };
		F59DB07519A0D7DD007F9A71 /* UIColor+COLORCategories.h */ = {isa = PBXFileReference; fileEncoding = 4; lastKnownFileType = sourcecode.c.h; path = "UIColor+COLORCategories.h"; sourceTree = "<group>"; };
		F59DB07619A0D7DD007F9A71 /* UIColor+COLORCategories.m */ = {isa = PBXFileReference; fileEncoding = 4; lastKnownFileType = sourcecode.c.objc; path = "UIColor+COLORCategories.m"; sourceTree = "<group>"; };
		F59DB07719A0D7DD007F9A71 /* UIImage+IMAGECategories.h */ = {isa = PBXFileReference; fileEncoding = 4; lastKnownFileType = sourcecode.c.h; path = "UIImage+IMAGECategories.h"; sourceTree = "<group>"; };
		F59DB07819A0D7DD007F9A71 /* UIImage+IMAGECategories.m */ = {isa = PBXFileReference; fileEncoding = 4; lastKnownFileType = sourcecode.c.objc; path = "UIImage+IMAGECategories.m"; sourceTree = "<group>"; };
		F5A00D531AE0AE88002E0AB6 /* &#49380;&#45804; copy-Info.plist */ = {isa = PBXFileReference; lastKnownFileType = text.plist.xml; name = "&#49380;&#45804; copy-Info.plist"; path = "/Users/swchoi06/Shadal/&#49380;&#45804; copy-Info.plist"; sourceTree = "<absolute>"; };
		F5D3711D1804396F00241D9D /* Constants.h */ = {isa = PBXFileReference; fileEncoding = 4; lastKnownFileType = sourcecode.c.h; path = Constants.h; sourceTree = "<group>"; };
/* End PBXFileReference section */

/* Begin PBXFrameworksBuildPhase section */
		F5110AC117FC013C00D7AA85 /* Frameworks */ = {
			isa = PBXFrameworksBuildPhase;
			buildActionMask = 2147483647;
			files = (
				F50403851AE0AD0800E415E3 /* libGoogleAnalyticsServices.a in Frameworks */,
				F50403831AE0AC4E00E415E3 /* SystemConfiguration.framework in Frameworks */,
				F511BEE31AE0A96300B8E36F /* AdSupport.framework in Frameworks */,
				F511BEE11AE0A8EC00B8E36F /* CoreData.framework in Frameworks */,
				F511BEDF1AE0A8C000B8E36F /* libz.dylib in Frameworks */,
				499E69EC1A8AE3C50067E008 /* Security.framework in Frameworks */,
				F5110ACA17FC013C00D7AA85 /* CoreGraphics.framework in Frameworks */,
				F5110ACC17FC013C00D7AA85 /* UIKit.framework in Frameworks */,
				F5110AC817FC013C00D7AA85 /* Foundation.framework in Frameworks */,
				A5E14BED7097920F0362F9B2 /* libPods.a in Frameworks */,
			);
			runOnlyForDeploymentPostprocessing = 0;
		};
		F5110AE517FC013C00D7AA85 /* Frameworks */ = {
			isa = PBXFrameworksBuildPhase;
			buildActionMask = 2147483647;
			files = (
				F5110AEA17FC013C00D7AA85 /* XCTest.framework in Frameworks */,
				F5110AEC17FC013C00D7AA85 /* UIKit.framework in Frameworks */,
				F5110AEB17FC013C00D7AA85 /* Foundation.framework in Frameworks */,
			);
			runOnlyForDeploymentPostprocessing = 0;
		};
/* End PBXFrameworksBuildPhase section */

/* Begin PBXGroup section */
		493A76E31A9398E600C60719 /* image_resources */ = {
			isa = PBXGroup;
			children = (
				F5710F6F1AA4C63C00EC8E95 /* talk_party_banner.png */,
				F54F66101A9493DD009E0741 /* bikeMan.png */,
				493A76E41A9398E600C60719 /* BotIconMain.png */,
				493A76E51A9398E600C60719 /* BotIconMain@2x.png */,
				493A76E61A9398E600C60719 /* BotIconMainselect.png */,
				493A76E71A9398E600C60719 /* BotIconMainselect@2x.png */,
				493A76E81A9398E600C60719 /* BotIconMore.png */,
				493A76E91A9398E600C60719 /* BotIconMore@2x.png */,
				493A76EA1A9398E600C60719 /* BotIconMoreSelect.png */,
				493A76EB1A9398E600C60719 /* BotIconMoreSelect@2x.png */,
				493A76EC1A9398E600C60719 /* BotIconRandom.png */,
				493A76ED1A9398E600C60719 /* BotIconRandom@2x.png */,
				493A76EE1A9398E600C60719 /* BotIconRandomSelect.png */,
				493A76EF1A9398E600C60719 /* BotIconRandomSelect@2x.png */,
				493A76F01A9398E600C60719 /* BotIconStar.png */,
				493A76F11A9398E600C60719 /* BotIconStar@2x.png */,
				493A76F21A9398E600C60719 /* BotIconStarSelect.png */,
				493A76F31A9398E600C60719 /* BotIconStarSelect@2x.png */,
				493A76F41A9398E600C60719 /* CallBotton.png */,
				493A76F51A9398E600C60719 /* CouponIcon.png */,
				493A76F61A9398E600C60719 /* flyerBlack.png */,
				493A76F71A9398E600C60719 /* flyerOrange.png */,
				493A76F81A9398E600C60719 /* iconBab.png */,
				493A76F91A9398E600C60719 /* iconBossam.png */,
				493A76FA1A9398E600C60719 /* iconChic.png */,
				493A76FB1A9398E600C60719 /* iconChinese.png */,
				493A76FC1A9398E600C60719 /* iconDosirak.png */,
				493A76FD1A9398E600C60719 /* iconEtc.png */,
				493A76FE1A9398E600C60719 /* iconNoodle.png */,
				493A76FF1A9398E600C60719 /* iconPizza.png */,
				493A77001A9398E600C60719 /* ImgIcon.png */,
				493A77011A9398E600C60719 /* NewIcon.png */,
				493A77021A9398E600C60719 /* SearchIcon.png */,
				493A77031A9398E600C60719 /* StarBackgroundNull.png */,
				493A77041A9398E600C60719 /* StarOff.png */,
				493A77051A9398E600C60719 /* StarOff@2x.png */,
				493A77061A9398E600C60719 /* StarOn.png */,
				493A77071A9398E600C60719 /* StarOn@2x.png */,
				493A77081A9398E600C60719 /* StarOnList.png */,
			);
			path = image_resources;
			sourceTree = "<group>";
		};
		499E69ED1A8AE6BB0067E008 /* External Libraries */ = {
			isa = PBXGroup;
			children = (
				499E69EE1A8AE6D80067E008 /* SSKeychain.h */,
				499E69EF1A8AE6D80067E008 /* SSKeychain.m */,
				499E69F01A8AE6D80067E008 /* SSKeychainQuery.h */,
				499E69F11A8AE6D80067E008 /* SSKeychainQuery.m */,
			);
			name = "External Libraries";
			sourceTree = "<group>";
		};
		F503E7BE19A4ED35001814AE /* Category */ = {
			isa = PBXGroup;
			children = (
				491FD30E1852DCD300885396 /* UIImage+UIImage_Customized.h */,
				491FD30F1852DCD300885396 /* UIImage+UIImage_Customized.m */,
				F59DB07519A0D7DD007F9A71 /* UIColor+COLORCategories.h */,
				F59DB07619A0D7DD007F9A71 /* UIColor+COLORCategories.m */,
				F59DB07719A0D7DD007F9A71 /* UIImage+IMAGECategories.h */,
				F59DB07819A0D7DD007F9A71 /* UIImage+IMAGECategories.m */,
			);
			name = Category;
			sourceTree = "<group>";
		};
		F5110ABB17FC013C00D7AA85 = {
			isa = PBXGroup;
			children = (
				F5110ACD17FC013C00D7AA85 /* Shadal */,
				F5110AEF17FC013C00D7AA85 /* ShadalTests */,
				F5110AC617FC013C00D7AA85 /* Frameworks */,
				F5110AC517FC013C00D7AA85 /* Products */,
				FDB644531D0D275694BCA456 /* Pods */,
				F5A00D531AE0AE88002E0AB6 /* &#49380;&#45804; copy-Info.plist */,
			);
			sourceTree = "<group>";
		};
		F5110AC517FC013C00D7AA85 /* Products */ = {
			isa = PBXGroup;
			children = (
				F5110AC417FC013C00D7AA85 /* 캠퍼스달.app */,
				F5110AE817FC013C00D7AA85 /* ShadalTests.xctest */,
			);
			name = Products;
			sourceTree = "<group>";
		};
		F5110AC617FC013C00D7AA85 /* Frameworks */ = {
			isa = PBXGroup;
			children = (
				F50403841AE0AD0800E415E3 /* libGoogleAnalyticsServices.a */,
				F50403821AE0AC4E00E415E3 /* SystemConfiguration.framework */,
				F511BEE21AE0A96300B8E36F /* AdSupport.framework */,
				F511BEE01AE0A8EC00B8E36F /* CoreData.framework */,
				F511BEDE1AE0A8C000B8E36F /* libz.dylib */,
				F511BECB1AE09F2800B8E36F /* libGoogleAnalyticsServices.a */,
				499E69EB1A8AE3C50067E008 /* Security.framework */,
				F5110AC717FC013C00D7AA85 /* Foundation.framework */,
				F5110AC917FC013C00D7AA85 /* CoreGraphics.framework */,
				F5110ACB17FC013C00D7AA85 /* UIKit.framework */,
				F5110AE917FC013C00D7AA85 /* XCTest.framework */,
				04FD547DC08240F73F4E0875 /* libPods.a */,
			);
			name = Frameworks;
			sourceTree = "<group>";
		};
		F5110ACD17FC013C00D7AA85 /* Shadal */ = {
			isa = PBXGroup;
			children = (
				F540F5FF1A95EA5E0051AFFD /* font_resources */,
				493A76E31A9398E600C60719 /* image_resources */,
				F5110AD617FC013C00D7AA85 /* AppDelegate.h */,
				F5110AD717FC013C00D7AA85 /* AppDelegate.m */,
				F5110AD917FC013C00D7AA85 /* Main.storyboard */,
				F52A85C719990D530010C261 /* Views */,
				F52A85C619990D380010C261 /* Custom Components */,
				F52A85C419990D150010C261 /* Model */,
				F52A85C519990D2E0010C261 /* Commons */,
				F503E7BE19A4ED35001814AE /* Category */,
				499E69ED1A8AE6BB0067E008 /* External Libraries */,
				F5110AE217FC013C00D7AA85 /* Images.xcassets */,
				F5110ACE17FC013C00D7AA85 /* Supporting Files */,
			);
			path = Shadal;
			sourceTree = "<group>";
		};
		F5110ACE17FC013C00D7AA85 /* Supporting Files */ = {
			isa = PBXGroup;
			children = (
				F5110ACF17FC013C00D7AA85 /* Shadal-Info.plist */,
				F5110AD017FC013C00D7AA85 /* InfoPlist.strings */,
				F5110AD317FC013C00D7AA85 /* main.m */,
				F5110AD517FC013C00D7AA85 /* Shadal-Prefix.pch */,
			);
			name = "Supporting Files";
			sourceTree = "<group>";
		};
		F5110AEF17FC013C00D7AA85 /* ShadalTests */ = {
			isa = PBXGroup;
			children = (
				F5110AF517FC013C00D7AA85 /* ShadalTests.m */,
				F5110AF017FC013C00D7AA85 /* Supporting Files */,
			);
			path = ShadalTests;
			sourceTree = "<group>";
		};
		F5110AF017FC013C00D7AA85 /* Supporting Files */ = {
			isa = PBXGroup;
			children = (
				F5110AF117FC013C00D7AA85 /* ShadalTests-Info.plist */,
				F5110AF217FC013C00D7AA85 /* InfoPlist.strings */,
			);
			name = "Supporting Files";
			sourceTree = "<group>";
		};
		F52A85C419990D150010C261 /* Model */ = {
			isa = PBXGroup;
			children = (
				F5110AFF17FC044E00D7AA85 /* Restaurant.h */,
				F5110B0017FC044E00D7AA85 /* Restaurant.m */,
			);
			name = Model;
			sourceTree = "<group>";
		};
		F52A85C519990D2E0010C261 /* Commons */ = {
			isa = PBXGroup;
			children = (
				F5D3711D1804396F00241D9D /* Constants.h */,
				4973B1681A890F160006A690 /* Static.h */,
				4973B1691A890F160006A690 /* Static.m */,
				F5554F2819B3687C004686AB /* Reachability.h */,
				F5554F2919B3687C004686AB /* Reachability.m */,
				F54CF56E195AA21200B7C67A /* Server.h */,
				F54CF56F195AA21200B7C67A /* Server.m */,
			);
			name = Commons;
			sourceTree = "<group>";
		};
		F52A85C619990D380010C261 /* Custom Components */ = {
			isa = PBXGroup;
			children = (
				F54D1374199B92CB00AFE026 /* CustomTitleView.h */,
				F54D1375199B92CB00AFE026 /* CustomTitleView.m */,
				F54D1377199B92E000AFE026 /* CustomTitleView.xib */,
				F54D136C199B8E8700AFE026 /* CategoryCell.h */,
				F54D136D199B8E8700AFE026 /* CategoryCell.m */,
				F54D136E199B8E8700AFE026 /* CategoryCell.xib */,
				49103D531851A63F00070801 /* RestaurantCell.h */,
				49103D541851A63F00070801 /* RestaurantCell.m */,
				49103D561851A65500070801 /* RestaurantCell.xib */,
				F536D597180CC8D600E73254 /* MenuCell.h */,
				F536D598180CC8D600E73254 /* MenuCell.m */,
				F536D59A180CC8E400E73254 /* MenuCell.xib */,
				F5008D5519A0F65400831238 /* CustomButton.h */,
				F5008D5619A0F65400831238 /* CustomButton.m */,
			);
			name = "Custom Components";
			sourceTree = "<group>";
		};
		F52A85C719990D530010C261 /* Views */ = {
			isa = PBXGroup;
			children = (
				4973B16B1A8914890006A690 /* SelectCampusViewController.h */,
				4973B16C1A8914890006A690 /* SelectCampusViewController.m */,
				F5110ADC17FC013C00D7AA85 /* MasterViewController.h */,
				F5110ADD17FC013C00D7AA85 /* MasterViewController.m */,
				F5110B0217FC10E200D7AA85 /* DetailViewController.h */,
				F5110B0317FC10E200D7AA85 /* DetailViewController.m */,
				F54118341800EC92006A2136 /* RestaurantViewController.h */,
				F54118351800EC92006A2136 /* RestaurantViewController.m */,
				49C3DB251851C594002C9EBA /* FlyerViewController.h */,
				49C3DB261851C594002C9EBA /* FlyerViewController.m */,
				F52A85CB1999126B0010C261 /* FavoriteViewController.h */,
				F52A85CC1999126B0010C261 /* FavoriteViewController.m */,
				F519367D199F324000339903 /* SettingTableViewController.h */,
				F519367E199F324000339903 /* SettingTableViewController.m */,
			);
			name = Views;
			sourceTree = "<group>";
		};
		F540F5FF1A95EA5E0051AFFD /* font_resources */ = {
			isa = PBXGroup;
			children = (
				F540F6001A95EA6B0051AFFD /* NanumGothic.otf */,
				F540F6011A95EA6B0051AFFD /* NanumGothicBold.otf */,
				F540F6021A95EA6B0051AFFD /* NanumGothicExtraBold.otf */,
			);
			name = font_resources;
			sourceTree = "<group>";
		};
		FDB644531D0D275694BCA456 /* Pods */ = {
			isa = PBXGroup;
			children = (
				D4EF77E3EB439F27374E560D /* Pods.debug.xcconfig */,
				3AD00A29A2F372675E7F070F /* Pods.release.xcconfig */,
			);
			name = Pods;
			sourceTree = "<group>";
		};
/* End PBXGroup section */

/* Begin PBXNativeTarget section */
		F5110AC317FC013C00D7AA85 /* 캠퍼스달 */ = {
			isa = PBXNativeTarget;
			buildConfigurationList = F5110AF917FC013C00D7AA85 /* Build configuration list for PBXNativeTarget "캠퍼스달" */;
			buildPhases = (
				4FCB78023879C5964C9E123B /* Check Pods Manifest.lock */,
				F5110AC017FC013C00D7AA85 /* Sources */,
				F5110AC117FC013C00D7AA85 /* Frameworks */,
				F5110AC217FC013C00D7AA85 /* Resources */,
				19355BDDD0031BFBB99C28F4 /* Copy Pods Resources */,
			);
			buildRules = (
			);
			dependencies = (
			);
			name = "캠퍼스달";
			productName = Shadal;
			productReference = F5110AC417FC013C00D7AA85 /* 캠퍼스달.app */;
			productType = "com.apple.product-type.application";
		};
		F5110AE717FC013C00D7AA85 /* ShadalTests */ = {
			isa = PBXNativeTarget;
			buildConfigurationList = F5110AFC17FC013C00D7AA85 /* Build configuration list for PBXNativeTarget "ShadalTests" */;
			buildPhases = (
				F5110AE417FC013C00D7AA85 /* Sources */,
				F5110AE517FC013C00D7AA85 /* Frameworks */,
				F5110AE617FC013C00D7AA85 /* Resources */,
			);
			buildRules = (
			);
			dependencies = (
				F5110AEE17FC013C00D7AA85 /* PBXTargetDependency */,
			);
			name = ShadalTests;
			productName = ShadalTests;
			productReference = F5110AE817FC013C00D7AA85 /* ShadalTests.xctest */;
			productType = "com.apple.product-type.bundle.unit-test";
		};
/* End PBXNativeTarget section */

/* Begin PBXProject section */
		F5110ABC17FC013C00D7AA85 /* Project object */ = {
			isa = PBXProject;
			attributes = {
				LastUpgradeCheck = 0610;
				ORGANIZATIONNAME = Wafflestudio;
				TargetAttributes = {
					F5110AC317FC013C00D7AA85 = {
						DevelopmentTeam = 8F8C98NKPP;
					};
					F5110AE717FC013C00D7AA85 = {
						DevelopmentTeam = 8F8C98NKPP;
						TestTargetID = F5110AC317FC013C00D7AA85;
					};
				};
			};
			buildConfigurationList = F5110ABF17FC013C00D7AA85 /* Build configuration list for PBXProject "Shadal" */;
			compatibilityVersion = "Xcode 3.2";
			developmentRegion = English;
			hasScannedForEncodings = 0;
			knownRegions = (
				en,
				Base,
			);
			mainGroup = F5110ABB17FC013C00D7AA85;
			productRefGroup = F5110AC517FC013C00D7AA85 /* Products */;
			projectDirPath = "";
			projectRoot = "";
			targets = (
				F5110AC317FC013C00D7AA85 /* 캠퍼스달 */,
				F5110AE717FC013C00D7AA85 /* ShadalTests */,
			);
		};
/* End PBXProject section */

/* Begin PBXResourcesBuildPhase section */
		F5110AC217FC013C00D7AA85 /* Resources */ = {
			isa = PBXResourcesBuildPhase;
			buildActionMask = 2147483647;
			files = (
				493A771D1A9398E600C60719 /* flyerBlack.png in Resources */,
				493A770C1A9398E600C60719 /* BotIconMain@2x.png in Resources */,
				493A77111A9398E600C60719 /* BotIconMoreSelect.png in Resources */,
				F52319BF19A6925B00236221 /* Main.storyboard in Resources */,
				493A771B1A9398E600C60719 /* CallBotton.png in Resources */,
				493A772C1A9398E600C60719 /* StarOff@2x.png in Resources */,
				493A77281A9398E600C60719 /* NewIcon.png in Resources */,
				493A771C1A9398E600C60719 /* CouponIcon.png in Resources */,
				493A77201A9398E600C60719 /* iconBossam.png in Resources */,
				493A77131A9398E600C60719 /* BotIconRandom.png in Resources */,
				493A77141A9398E600C60719 /* BotIconRandom@2x.png in Resources */,
				493A77101A9398E600C60719 /* BotIconMore@2x.png in Resources */,
				493A772B1A9398E600C60719 /* StarOff.png in Resources */,
				493A77171A9398E600C60719 /* BotIconStar.png in Resources */,
				F5110AE317FC013C00D7AA85 /* Images.xcassets in Resources */,
				493A77191A9398E600C60719 /* BotIconStarSelect.png in Resources */,
				493A77291A9398E600C60719 /* SearchIcon.png in Resources */,
				F540F6051A95EA6B0051AFFD /* NanumGothicExtraBold.otf in Resources */,
				493A77151A9398E600C60719 /* BotIconRandomSelect.png in Resources */,
				493A77121A9398E600C60719 /* BotIconMoreSelect@2x.png in Resources */,
				493A770E1A9398E600C60719 /* BotIconMainselect@2x.png in Resources */,
				493A77261A9398E600C60719 /* iconPizza.png in Resources */,
				F5710F701AA4C63C00EC8E95 /* talk_party_banner.png in Resources */,
				F540F6031A95EA6B0051AFFD /* NanumGothic.otf in Resources */,
				493A77221A9398E600C60719 /* iconChinese.png in Resources */,
				493A770D1A9398E600C60719 /* BotIconMainselect.png in Resources */,
				F5110AD217FC013C00D7AA85 /* InfoPlist.strings in Resources */,
				493A772D1A9398E600C60719 /* StarOn.png in Resources */,
				493A772A1A9398E600C60719 /* StarBackgroundNull.png in Resources */,
				493A77241A9398E600C60719 /* iconEtc.png in Resources */,
				493A771E1A9398E600C60719 /* flyerOrange.png in Resources */,
				F54F66111A9493DD009E0741 /* bikeMan.png in Resources */,
				F54D1370199B8E8700AFE026 /* CategoryCell.xib in Resources */,
				49103D571851A65500070801 /* RestaurantCell.xib in Resources */,
				493A771A1A9398E600C60719 /* BotIconStarSelect@2x.png in Resources */,
				493A772E1A9398E600C60719 /* StarOn@2x.png in Resources */,
				493A772F1A9398E600C60719 /* StarOnList.png in Resources */,
				493A770B1A9398E600C60719 /* BotIconMain.png in Resources */,
				493A77231A9398E600C60719 /* iconDosirak.png in Resources */,
				493A77211A9398E600C60719 /* iconChic.png in Resources */,
				493A77271A9398E600C60719 /* ImgIcon.png in Resources */,
				493A77251A9398E600C60719 /* iconNoodle.png in Resources */,
				F536D59B180CC8E400E73254 /* MenuCell.xib in Resources */,
				493A77161A9398E600C60719 /* BotIconRandomSelect@2x.png in Resources */,
				493A771F1A9398E600C60719 /* iconBab.png in Resources */,
				F540F6041A95EA6B0051AFFD /* NanumGothicBold.otf in Resources */,
				493A77181A9398E600C60719 /* BotIconStar@2x.png in Resources */,
				F54D1378199B92E000AFE026 /* CustomTitleView.xib in Resources */,
				493A770F1A9398E600C60719 /* BotIconMore.png in Resources */,
			);
			runOnlyForDeploymentPostprocessing = 0;
		};
		F5110AE617FC013C00D7AA85 /* Resources */ = {
			isa = PBXResourcesBuildPhase;
			buildActionMask = 2147483647;
			files = (
				F5110AF417FC013C00D7AA85 /* InfoPlist.strings in Resources */,
			);
			runOnlyForDeploymentPostprocessing = 0;
		};
/* End PBXResourcesBuildPhase section */

/* Begin PBXShellScriptBuildPhase section */
		19355BDDD0031BFBB99C28F4 /* Copy Pods Resources */ = {
			isa = PBXShellScriptBuildPhase;
			buildActionMask = 2147483647;
			files = (
			);
			inputPaths = (
			);
			name = "Copy Pods Resources";
			outputPaths = (
			);
			runOnlyForDeploymentPostprocessing = 0;
			shellPath = /bin/sh;
			shellScript = "\"${SRCROOT}/Pods/Target Support Files/Pods/Pods-resources.sh\"\n";
			showEnvVarsInLog = 0;
		};
		4FCB78023879C5964C9E123B /* Check Pods Manifest.lock */ = {
			isa = PBXShellScriptBuildPhase;
			buildActionMask = 2147483647;
			files = (
			);
			inputPaths = (
			);
			name = "Check Pods Manifest.lock";
			outputPaths = (
			);
			runOnlyForDeploymentPostprocessing = 0;
			shellPath = /bin/sh;
			shellScript = "diff \"${PODS_ROOT}/../Podfile.lock\" \"${PODS_ROOT}/Manifest.lock\" > /dev/null\nif [[ $? != 0 ]] ; then\n    cat << EOM\nerror: The sandbox is not in sync with the Podfile.lock. Run 'pod install' or update your CocoaPods installation.\nEOM\n    exit 1\nfi\n";
			showEnvVarsInLog = 0;
		};
/* End PBXShellScriptBuildPhase section */

/* Begin PBXSourcesBuildPhase section */
		F5110AC017FC013C00D7AA85 /* Sources */ = {
			isa = PBXSourcesBuildPhase;
			buildActionMask = 2147483647;
			files = (
				F59DB07A19A0D7DD007F9A71 /* UIImage+IMAGECategories.m in Sources */,
				F5110AD817FC013C00D7AA85 /* AppDelegate.m in Sources */,
				F59DB07919A0D7DD007F9A71 /* UIColor+COLORCategories.m in Sources */,
				4973B16A1A890F160006A690 /* Static.m in Sources */,
				F536D599180CC8D600E73254 /* MenuCell.m in Sources */,
				491FD3101852DCD300885396 /* UIImage+UIImage_Customized.m in Sources */,
				F54D1376199B92CB00AFE026 /* CustomTitleView.m in Sources */,
				F519367F199F324000339903 /* SettingTableViewController.m in Sources */,
				F5110B0117FC044E00D7AA85 /* Restaurant.m in Sources */,
				F5110ADE17FC013C00D7AA85 /* MasterViewController.m in Sources */,
				49C3DB271851C594002C9EBA /* FlyerViewController.m in Sources */,
				F5554F2A19B3687C004686AB /* Reachability.m in Sources */,
				49103D551851A63F00070801 /* RestaurantCell.m in Sources */,
				F52A85CD1999126B0010C261 /* FavoriteViewController.m in Sources */,
				F5008D5719A0F65400831238 /* CustomButton.m in Sources */,
				F54D136F199B8E8700AFE026 /* CategoryCell.m in Sources */,
				F54118361800EC92006A2136 /* RestaurantViewController.m in Sources */,
				4973B16D1A8914890006A690 /* SelectCampusViewController.m in Sources */,
				F5110AD417FC013C00D7AA85 /* main.m in Sources */,
				499E69F21A8AE6D80067E008 /* SSKeychain.m in Sources */,
				F54CF570195AA21200B7C67A /* Server.m in Sources */,
				F5110B0417FC10E200D7AA85 /* DetailViewController.m in Sources */,
				499E69F31A8AE6D80067E008 /* SSKeychainQuery.m in Sources */,
			);
			runOnlyForDeploymentPostprocessing = 0;
		};
		F5110AE417FC013C00D7AA85 /* Sources */ = {
			isa = PBXSourcesBuildPhase;
			buildActionMask = 2147483647;
			files = (
				F5110AF617FC013C00D7AA85 /* ShadalTests.m in Sources */,
			);
			runOnlyForDeploymentPostprocessing = 0;
		};
/* End PBXSourcesBuildPhase section */

/* Begin PBXTargetDependency section */
		F5110AEE17FC013C00D7AA85 /* PBXTargetDependency */ = {
			isa = PBXTargetDependency;
			target = F5110AC317FC013C00D7AA85 /* 캠퍼스달 */;
			targetProxy = F5110AED17FC013C00D7AA85 /* PBXContainerItemProxy */;
		};
/* End PBXTargetDependency section */

/* Begin PBXVariantGroup section */
		F5110AD017FC013C00D7AA85 /* InfoPlist.strings */ = {
			isa = PBXVariantGroup;
			children = (
				F5110AD117FC013C00D7AA85 /* en */,
			);
			name = InfoPlist.strings;
			sourceTree = "<group>";
		};
		F5110AD917FC013C00D7AA85 /* Main.storyboard */ = {
			isa = PBXVariantGroup;
			children = (
				F5110ADA17FC013C00D7AA85 /* Base */,
			);
			name = Main.storyboard;
			sourceTree = "<group>";
		};
		F5110AF217FC013C00D7AA85 /* InfoPlist.strings */ = {
			isa = PBXVariantGroup;
			children = (
				F5110AF317FC013C00D7AA85 /* en */,
			);
			name = InfoPlist.strings;
			sourceTree = "<group>";
		};
/* End PBXVariantGroup section */

/* Begin XCBuildConfiguration section */
		F5110AF717FC013C00D7AA85 /* Debug */ = {
			isa = XCBuildConfiguration;
			buildSettings = {
				ALWAYS_SEARCH_USER_PATHS = NO;
				CLANG_CXX_LANGUAGE_STANDARD = "gnu++0x";
				CLANG_CXX_LIBRARY = "libc++";
				CLANG_ENABLE_MODULES = YES;
				CLANG_ENABLE_OBJC_ARC = YES;
				CLANG_WARN_BOOL_CONVERSION = YES;
				CLANG_WARN_CONSTANT_CONVERSION = YES;
				CLANG_WARN_DIRECT_OBJC_ISA_USAGE = YES_ERROR;
				CLANG_WARN_EMPTY_BODY = YES;
				CLANG_WARN_ENUM_CONVERSION = YES;
				CLANG_WARN_INT_CONVERSION = YES;
				CLANG_WARN_OBJC_ROOT_CLASS = YES_ERROR;
				CLANG_WARN__DUPLICATE_METHOD_MATCH = YES;
				CODE_SIGN_IDENTITY = "iPhone Distribution: SukWon Choi (8F8C98NKPP)";
				"CODE_SIGN_IDENTITY[sdk=iphoneos*]" = "iPhone Developer";
				COPY_PHASE_STRIP = NO;
				GCC_C_LANGUAGE_STANDARD = gnu99;
				GCC_DYNAMIC_NO_PIC = NO;
				GCC_OPTIMIZATION_LEVEL = 0;
				GCC_PREPROCESSOR_DEFINITIONS = (
					"DEBUG=1",
					"$(inherited)",
				);
				GCC_SYMBOLS_PRIVATE_EXTERN = NO;
				GCC_WARN_ABOUT_RETURN_TYPE = YES_ERROR;
				GCC_WARN_UNDECLARED_SELECTOR = YES;
				GCC_WARN_UNINITIALIZED_AUTOS = YES;
				GCC_WARN_UNUSED_FUNCTION = YES;
				GCC_WARN_UNUSED_VARIABLE = YES;
				IPHONEOS_DEPLOYMENT_TARGET = 6.0;
				ONLY_ACTIVE_ARCH = YES;
				PROVISIONING_PROFILE = "FA6CD55F-70CF-45A2-9977-BC5333FF58F4";
				SDKROOT = iphoneos;
			};
			name = Debug;
		};
		F5110AF817FC013C00D7AA85 /* Release */ = {
			isa = XCBuildConfiguration;
			buildSettings = {
				ALWAYS_SEARCH_USER_PATHS = NO;
				CLANG_CXX_LANGUAGE_STANDARD = "gnu++0x";
				CLANG_CXX_LIBRARY = "libc++";
				CLANG_ENABLE_MODULES = YES;
				CLANG_ENABLE_OBJC_ARC = YES;
				CLANG_WARN_BOOL_CONVERSION = YES;
				CLANG_WARN_CONSTANT_CONVERSION = YES;
				CLANG_WARN_DIRECT_OBJC_ISA_USAGE = YES_ERROR;
				CLANG_WARN_EMPTY_BODY = YES;
				CLANG_WARN_ENUM_CONVERSION = YES;
				CLANG_WARN_INT_CONVERSION = YES;
				CLANG_WARN_OBJC_ROOT_CLASS = YES_ERROR;
				CLANG_WARN__DUPLICATE_METHOD_MATCH = YES;
				CODE_SIGN_IDENTITY = "iPhone Distribution: SukWon Choi (8F8C98NKPP)";
				"CODE_SIGN_IDENTITY[sdk=iphoneos*]" = "iPhone Developer";
				COPY_PHASE_STRIP = YES;
				ENABLE_NS_ASSERTIONS = NO;
				GCC_C_LANGUAGE_STANDARD = gnu99;
				GCC_WARN_ABOUT_RETURN_TYPE = YES_ERROR;
				GCC_WARN_UNDECLARED_SELECTOR = YES;
				GCC_WARN_UNINITIALIZED_AUTOS = YES;
				GCC_WARN_UNUSED_FUNCTION = YES;
				GCC_WARN_UNUSED_VARIABLE = YES;
				IPHONEOS_DEPLOYMENT_TARGET = 6.0;
				PROVISIONING_PROFILE = "FA6CD55F-70CF-45A2-9977-BC5333FF58F4";
				SDKROOT = iphoneos;
				VALIDATE_PRODUCT = YES;
			};
			name = Release;
		};
		F5110AFA17FC013C00D7AA85 /* Debug */ = {
			isa = XCBuildConfiguration;
			baseConfigurationReference = D4EF77E3EB439F27374E560D /* Pods.debug.xcconfig */;
			buildSettings = {
				ASSETCATALOG_COMPILER_APPICON_NAME = AppIcon_all;
				ASSETCATALOG_COMPILER_LAUNCHIMAGE_NAME = LaunchImage;
				CODE_SIGN_IDENTITY = "iPhone Developer";
				"CODE_SIGN_IDENTITY[sdk=iphoneos*]" = "iPhone Developer";
				GCC_PRECOMPILE_PREFIX_HEADER = YES;
				GCC_PREFIX_HEADER = "Shadal/Shadal-Prefix.pch";
				INFOPLIST_FILE = "Shadal/Shadal-Info.plist";
				IPHONEOS_DEPLOYMENT_TARGET = 7.0;
				LIBRARY_SEARCH_PATHS = (
					"$(inherited)",
					"$(PROJECT_DIR)/Shadal",
					"$(PROJECT_DIR)/Pods/GoogleAnalytics-iOS-SDK",
				);
				OTHER_LDFLAGS = (
					"-lstdc++",
					"$(inherited)",
				);
				PRODUCT_NAME = "캠퍼스달";
				PROVISIONING_PROFILE = "";
				TARGETED_DEVICE_FAMILY = "1,2";
				WRAPPER_EXTENSION = app;
			};
			name = Debug;
		};
		F5110AFB17FC013C00D7AA85 /* Release */ = {
			isa = XCBuildConfiguration;
			baseConfigurationReference = 3AD00A29A2F372675E7F070F /* Pods.release.xcconfig */;
			buildSettings = {
				ASSETCATALOG_COMPILER_APPICON_NAME = AppIcon_all;
				ASSETCATALOG_COMPILER_LAUNCHIMAGE_NAME = LaunchImage;
				CODE_SIGN_IDENTITY = "iPhone Developer";
				"CODE_SIGN_IDENTITY[sdk=iphoneos*]" = "iPhone Developer";
				GCC_PRECOMPILE_PREFIX_HEADER = YES;
				GCC_PREFIX_HEADER = "Shadal/Shadal-Prefix.pch";
				INFOPLIST_FILE = "Shadal/Shadal-Info.plist";
				IPHONEOS_DEPLOYMENT_TARGET = 7.0;
				LIBRARY_SEARCH_PATHS = (
					"$(inherited)",
					"$(PROJECT_DIR)/Shadal",
					"$(PROJECT_DIR)/Pods/GoogleAnalytics-iOS-SDK",
				);
				OTHER_LDFLAGS = (
					"-lstdc++",
					"$(inherited)",
				);
				PRODUCT_NAME = "캠퍼스달";
				PROVISIONING_PROFILE = "";
				TARGETED_DEVICE_FAMILY = "1,2";
				WRAPPER_EXTENSION = app;
			};
			name = Release;
		};
		F5110AFD17FC013C00D7AA85 /* Debug */ = {
			isa = XCBuildConfiguration;
			buildSettings = {
				BUNDLE_LOADER = "$(BUILT_PRODUCTS_DIR)/Shadal.app/Shadal";
				CODE_SIGN_IDENTITY = "iPhone Developer";
				"CODE_SIGN_IDENTITY[sdk=iphoneos*]" = "iPhone Developer";
				FRAMEWORK_SEARCH_PATHS = (
					"$(SDKROOT)/Developer/Library/Frameworks",
					"$(inherited)",
					"$(DEVELOPER_FRAMEWORKS_DIR)",
				);
				GCC_PRECOMPILE_PREFIX_HEADER = YES;
				GCC_PREFIX_HEADER = "Shadal/Shadal-Prefix.pch";
				GCC_PREPROCESSOR_DEFINITIONS = (
					"DEBUG=1",
					"$(inherited)",
				);
				INFOPLIST_FILE = "ShadalTests/ShadalTests-Info.plist";
				PRODUCT_NAME = "$(TARGET_NAME)";
				PROVISIONING_PROFILE = "";
				TEST_HOST = "$(BUNDLE_LOADER)";
				WRAPPER_EXTENSION = xctest;
			};
			name = Debug;
		};
		F5110AFE17FC013C00D7AA85 /* Release */ = {
			isa = XCBuildConfiguration;
			buildSettings = {
				BUNDLE_LOADER = "$(BUILT_PRODUCTS_DIR)/Shadal.app/Shadal";
				CODE_SIGN_IDENTITY = "iPhone Developer";
				"CODE_SIGN_IDENTITY[sdk=iphoneos*]" = "iPhone Developer";
				FRAMEWORK_SEARCH_PATHS = (
					"$(SDKROOT)/Developer/Library/Frameworks",
					"$(inherited)",
					"$(DEVELOPER_FRAMEWORKS_DIR)",
				);
				GCC_PRECOMPILE_PREFIX_HEADER = YES;
				GCC_PREFIX_HEADER = "Shadal/Shadal-Prefix.pch";
				INFOPLIST_FILE = "ShadalTests/ShadalTests-Info.plist";
				PRODUCT_NAME = "$(TARGET_NAME)";
				PROVISIONING_PROFILE = "";
				TEST_HOST = "$(BUNDLE_LOADER)";
				WRAPPER_EXTENSION = xctest;
			};
			name = Release;
		};
/* End XCBuildConfiguration section */

/* Begin XCConfigurationList section */
		F5110ABF17FC013C00D7AA85 /* Build configuration list for PBXProject "Shadal" */ = {
			isa = XCConfigurationList;
			buildConfigurations = (
				F5110AF717FC013C00D7AA85 /* Debug */,
				F5110AF817FC013C00D7AA85 /* Release */,
			);
			defaultConfigurationIsVisible = 0;
			defaultConfigurationName = Release;
		};
		F5110AF917FC013C00D7AA85 /* Build configuration list for PBXNativeTarget "캠퍼스달" */ = {
			isa = XCConfigurationList;
			buildConfigurations = (
				F5110AFA17FC013C00D7AA85 /* Debug */,
				F5110AFB17FC013C00D7AA85 /* Release */,
			);
			defaultConfigurationIsVisible = 0;
			defaultConfigurationName = Release;
		};
		F5110AFC17FC013C00D7AA85 /* Build configuration list for PBXNativeTarget "ShadalTests" */ = {
			isa = XCConfigurationList;
			buildConfigurations = (
				F5110AFD17FC013C00D7AA85 /* Debug */,
				F5110AFE17FC013C00D7AA85 /* Release */,
			);
			defaultConfigurationIsVisible = 0;
			defaultConfigurationName = Release;
		};
/* End XCConfigurationList section */
	};
	rootObject = F5110ABC17FC013C00D7AA85 /* Project object */;
}
